<?xml version="1.0" encoding="utf-8"?>
<Project ToolsVersion="4.0" xmlns="http://schemas.microsoft.com/developer/msbuild/2003">
  <ItemGroup>
    <ClCompile Include="bitmap.cpp">
      <Filter>Source Files</Filter>
    </ClCompile>
    <ClCompile Include="camera.cpp">
      <Filter>Source Files</Filter>
    </ClCompile>
    <ClCompile Include="GL_ARB_multitexture.cpp">
      <Filter>Source Files</Filter>
    </ClCompile>
    <ClCompile Include="gl_font.cpp">
      <Filter>Source Files</Filter>
    </ClCompile>
    <ClCompile Include="input.cpp">
      <Filter>Source Files</Filter>
    </ClCompile>
    <ClCompile Include="main.cpp">
      <Filter>Source Files</Filter>
    </ClCompile>
    <ClCompile Include="mathlib.cpp">
      <Filter>Source Files</Filter>
    </ClCompile>
    <ClCompile Include="model_obj.cpp">
      <Filter>Source Files</Filter>
    </ClCompile>
    <ClCompile Include="WGL_ARB_multisample.cpp">
      <Filter>Source Files</Filter>
    </ClCompile>
  </ItemGroup>
  <ItemGroup>
    <ClInclude Include="bitmap.h">
      <Filter>Include Files</Filter>
    </ClInclude>
    <ClInclude Include="WGL_ARB_multisample.h">
      <Filter>Include Files</Filter>
    </ClInclude>
    <ClInclude Include="camera.h">
      <Filter>Include Files</Filter>
    </ClInclude>
    <ClInclude Include="GL_ARB_multitexture.h">
      <Filter>Include Files</Filter>
    </ClInclude>
    <ClInclude Include="gl_font.h">
      <Filter>Include Files</Filter>
    </ClInclude>
    <ClInclude Include="input.h">
      <Filter>Include Files</Filter>
    </ClInclude>
    <ClInclude Include="mathlib.h">
      <Filter>Include Files</Filter>
    </ClInclude>
    <ClInclude Include="model_obj.h">
      <Filter>Include Files</Filter>
    </ClInclude>
  </ItemGroup>
  <ItemGroup>
    <None Include="Content\Textures\floor_color_map.tga">
      <Filter>Resource Files\Textures</Filter>
    </None>
    <None Include="Content\Textures\floor_light_map.tga">
      <Filter>Resource Files\Textures</Filter>
    </None>
    <None Include="content\models\bigship1.mtl">
      <Filter>Resource Files\Models</Filter>
    </None>
  </ItemGroup>
  <ItemGroup>
    <Filter Include="Include Files">
      <UniqueIdentifier>{eb7996b4-85f0-4cce-bd7e-43c443c07df5}</UniqueIdentifier>
    </Filter>
    <Filter Include="Source Files">
      <UniqueIdentifier>{8ebb5ddd-9ba7-4a60-96d7-c5707bf3c710}</UniqueIdentifier>
    </Filter>
    <Filter Include="Resource Files">
      <UniqueIdentifier>{7e34d947-d7ea-4b3f-88c5-a3d6d757c4ca}</UniqueIdentifier>
    </Filter>
    <Filter Include="Resource Files\Textures">
      <UniqueIdentifier>{c16f6c7a-ba2c-4ea2-adf3-fc5df47c895a}</UniqueIdentifier>
    </Filter>
    <Filter Include="Resource Files\Models">
      <UniqueIdentifier>{20e3542c-ec4d-42ec-bf25-86ad639ee58d}</UniqueIdentifier>
    </Filter>
  </ItemGroup>
  <ItemGroup>
    <Object Include="content\models\bigship1.obj">
      <Filter>Resource Files\Models</Filter>
    </Object>
  </ItemGroup>
</Project>